
Microsoft Visual Studio Solution File, Format Version 12.00
# Visual Studio Version 17
VisualStudioVersion = 17.13.35931.197
MinimumVisualStudioVersion = 10.0.40219.1
Project("{8BC9CEB8-8B4A-11D0-8D11-00A0C91BC942}") = "D3D11_Sample", "D3D11_Sample\D3D11_Sample.vcxproj", "{D28207A7-9349-442B-843C-77F48FAD086D}"
	ProjectSection(ProjectDependencies) = postProject
		{E0765E91-BB15-4A06-AD5A-A41C6363C30C} = {E0765E91-BB15-4A06-AD5A-A41C6363C30C}
	EndProjectSection
EndProject
Project("{8BC9CEB8-8B4A-11D0-8D11-00A0C91BC942}") = "GameLibrary", "GameLibrary\GameLibrary.vcxproj", "{E0765E91-BB15-4A06-AD5A-A41C6363C30C}"
EndProject
Project("{8BC9CEB8-8B4A-11D0-8D11-00A0C91BC942}") = "TestInput", "TestInput\TestInput.vcxproj", "{AF864CE3-C0EA-4E22-83CB-02E785EF5F3A}"
	ProjectSection(ProjectDependencies) = postProject
		{E0765E91-BB15-4A06-AD5A-A41C6363C30C} = {E0765E91-BB15-4A06-AD5A-A41C6363C30C}
	EndProjectSection
EndProject
Global
	GlobalSection(SolutionConfigurationPlatforms) = preSolution
		Debug|x64 = Debug|x64
		Debug|x86 = Debug|x86
		Release|x64 = Release|x64
		Release|x86 = Release|x86
	EndGlobalSection
	GlobalSection(ProjectConfigurationPlatforms) = postSolution
		{D28207A7-9349-442B-843C-77F48FAD086D}.Debug|x64.ActiveCfg = Debug|x64
		{D28207A7-9349-442B-843C-77F48FAD086D}.Debug|x64.Build.0 = Debug|x64
		{D28207A7-9349-442B-843C-77F48FAD086D}.Debug|x86.ActiveCfg = Debug|Win32
		{D28207A7-9349-442B-843C-77F48FAD086D}.Debug|x86.Build.0 = Debug|Win32
		{D28207A7-9349-442B-843C-77F48FAD086D}.Release|x64.ActiveCfg = Release|x64
		{D28207A7-9349-442B-843C-77F48FAD086D}.Release|x64.Build.0 = Release|x64
		{D28207A7-9349-442B-843C-77F48FAD086D}.Release|x86.ActiveCfg = Release|Win32
		{D28207A7-9349-442B-843C-77F48FAD086D}.Release|x86.Build.0 = Release|Win32
		{E0765E91-BB15-4A06-AD5A-A41C6363C30C}.Debug|x64.ActiveCfg = Debug|x64
		{E0765E91-BB15-4A06-AD5A-A41C6363C30C}.Debug|x64.Build.0 = Debug|x64
		{E0765E91-BB15-4A06-AD5A-A41C6363C30C}.Debug|x86.ActiveCfg = Debug|Win32
		{E0765E91-BB15-4A06-AD5A-A41C6363C30C}.Debug|x86.Build.0 = Debug|Win32
		{E0765E91-BB15-4A06-AD5A-A41C6363C30C}.Release|x64.ActiveCfg = Release|x64
		{E0765E91-BB15-4A06-AD5A-A41C6363C30C}.Release|x64.Build.0 = Release|x64
		{E0765E91-BB15-4A06-AD5A-A41C6363C30C}.Release|x86.ActiveCfg = Release|Win32
		{E0765E91-BB15-4A06-AD5A-A41C6363C30C}.Release|x86.Build.0 = Release|Win32
		{AF864CE3-C0EA-4E22-83CB-02E785EF5F3A}.Debug|x64.ActiveCfg = Debug|x64
		{AF864CE3-C0EA-4E22-83CB-02E785EF5F3A}.Debug|x64.Build.0 = Debug|x64
		{AF864CE3-C0EA-4E22-83CB-02E785EF5F3A}.Debug|x86.ActiveCfg = Debug|Win32
		{AF864CE3-C0EA-4E22-83CB-02E785EF5F3A}.Debug|x86.Build.0 = Debug|Win32
		{AF864CE3-C0EA-4E22-83CB-02E785EF5F3A}.Release|x64.ActiveCfg = Release|x64
		{AF864CE3-C0EA-4E22-83CB-02E785EF5F3A}.Release|x64.Build.0 = Release|x64
		{AF864CE3-C0EA-4E22-83CB-02E785EF5F3A}.Release|x86.ActiveCfg = Release|Win32
		{AF864CE3-C0EA-4E22-83CB-02E785EF5F3A}.Release|x86.Build.0 = Release|Win32
	EndGlobalSection
	GlobalSection(SolutionProperties) = preSolution
		HideSolutionNode = FALSE
	EndGlobalSection
	GlobalSection(ExtensibilityGlobals) = postSolution
		SolutionGuid = {FE00C2BD-7D72-47BA-BE16-2BFF518CEA86}
	EndGlobalSection
EndGlobal
